
Microsoft Visual Studio Solution File, Format Version 12.00
# Visual Studio 2013
VisualStudioVersion = 12.0.21005.1
MinimumVisualStudioVersion = 10.0.40219.1
Project("{FAE04EC0-301F-11D3-BF4B-00C04F79EFBC}") = "GUI", "GUI\GUI.csproj", "{1FA1C739-267C-49F4-8487-03C1AF826503}"
EndProject
Project("{FAE04EC0-301F-11D3-BF4B-00C04F79EFBC}") = "BLL", "BLL\BLL.csproj", "{A1526C5B-0BB5-4BD9-A911-59A33A6628BD}"
EndProject
Project("{FAE04EC0-301F-11D3-BF4B-00C04F79EFBC}") = "DAO", "DAO\DAO.csproj", "{0E356DC4-79AB-45FA-95ED-48D07A31F330}"
EndProject
Project("{FAE04EC0-301F-11D3-BF4B-00C04F79EFBC}") = "MODELO", "MODELO\MODELO.csproj", "{E19A96F2-AF86-4883-9A3C-C8F6BFA6EB5E}"
EndProject
Project("{FAE04EC0-301F-11D3-BF4B-00C04F79EFBC}") = "Ferramentas", "Ferramentas\Ferramentas.csproj", "{9EEE1F53-CD8A-46EF-9A3C-597539249F16}"
EndProject
Global
	GlobalSection(SolutionConfigurationPlatforms) = preSolution
		Debug|Any CPU = Debug|Any CPU
		Release|Any CPU = Release|Any CPU
	EndGlobalSection
	GlobalSection(ProjectConfigurationPlatforms) = postSolution
		{1FA1C739-267C-49F4-8487-03C1AF826503}.Debug|Any CPU.ActiveCfg = Debug|Any CPU
		{1FA1C739-267C-49F4-8487-03C1AF826503}.Debug|Any CPU.Build.0 = Debug|Any CPU
		{1FA1C739-267C-49F4-8487-03C1AF826503}.Release|Any CPU.ActiveCfg = Release|Any CPU
		{1FA1C739-267C-49F4-8487-03C1AF826503}.Release|Any CPU.Build.0 = Release|Any CPU
		{A1526C5B-0BB5-4BD9-A911-59A33A6628BD}.Debug|Any CPU.ActiveCfg = Debug|Any CPU
		{A1526C5B-0BB5-4BD9-A911-59A33A6628BD}.Debug|Any CPU.Build.0 = Debug|Any CPU
		{A1526C5B-0BB5-4BD9-A911-59A33A6628BD}.Release|Any CPU.ActiveCfg = Release|Any CPU
		{A1526C5B-0BB5-4BD9-A911-59A33A6628BD}.Release|Any CPU.Build.0 = Release|Any CPU
		{0E356DC4-79AB-45FA-95ED-48D07A31F330}.Debug|Any CPU.ActiveCfg = Debug|Any CPU
		{0E356DC4-79AB-45FA-95ED-48D07A31F330}.Debug|Any CPU.Build.0 = Debug|Any CPU
		{0E356DC4-79AB-45FA-95ED-48D07A31F330}.Release|Any CPU.ActiveCfg = Release|Any CPU
		{0E356DC4-79AB-45FA-95ED-48D07A31F330}.Release|Any CPU.Build.0 = Release|Any CPU
		{E19A96F2-AF86-4883-9A3C-C8F6BFA6EB5E}.Debug|Any CPU.ActiveCfg = Debug|Any CPU
		{E19A96F2-AF86-4883-9A3C-C8F6BFA6EB5E}.Debug|Any CPU.Build.0 = Debug|Any CPU
		{E19A96F2-AF86-4883-9A3C-C8F6BFA6EB5E}.Release|Any CPU.ActiveCfg = Release|Any CPU
		{E19A96F2-AF86-4883-9A3C-C8F6BFA6EB5E}.Release|Any CPU.Build.0 = Release|Any CPU
		{9EEE1F53-CD8A-46EF-9A3C-597539249F16}.Debug|Any CPU.ActiveCfg = Debug|Any CPU
		{9EEE1F53-CD8A-46EF-9A3C-597539249F16}.Debug|Any CPU.Build.0 = Debug|Any CPU
		{9EEE1F53-CD8A-46EF-9A3C-597539249F16}.Release|Any CPU.ActiveCfg = Release|Any CPU
		{9EEE1F53-CD8A-46EF-9A3C-597539249F16}.Release|Any CPU.Build.0 = Release|Any CPU
	EndGlobalSection
	GlobalSection(SolutionProperties) = preSolution
		HideSolutionNode = FALSE
	EndGlobalSection
EndGlobal
